
Microsoft Visual Studio Solution File, Format Version 12.00
# Visual Studio 15
VisualStudioVersion = 15.0.26730.12
MinimumVisualStudioVersion = 10.0.40219.1
Project("{2150E333-8FDC-42A3-9474-1A3956D46DE8}") = "sample", "sample", "{4F80741E-2BF9-4EC7-B0BD-22503C96E1F1}"
EndProject
Project("{9A19103F-16F7-4668-BE54-9A1E7A4F7556}") = "Echo", "src\Echo\Echo.csproj", "{8E46FE3B-5954-41E1-8D02-FE910C00327D}"
EndProject
Project("{2150E333-8FDC-42A3-9474-1A3956D46DE8}") = "src", "src", "{E5541415-2342-4C84-8A5C-6BA820A9EC0A}"
EndProject
Project("{2150E333-8FDC-42A3-9474-1A3956D46DE8}") = "test", "test", "{E7BC54F2-811C-474F-BA55-A13623C079E2}"
EndProject
Project("{9A19103F-16F7-4668-BE54-9A1E7A4F7556}") = "Demo", "sample\Demo\Demo.csproj", "{421BCB80-308C-4C82-BEB0-EB9FDD4B5519}"
EndProject
Project("{9A19103F-16F7-4668-BE54-9A1E7A4F7556}") = "Demo.UnitTests", "sample\Demo.UnitTests\Demo.UnitTests.csproj", "{0ACF643D-3104-4ED3-9337-12CF2186E147}"
EndProject
Project("{9A19103F-16F7-4668-BE54-9A1E7A4F7556}") = "InstantReplay", "sample\InstantReplay\InstantReplay.csproj", "{CFEE91F1-FB29-4433-943F-CF109C7B37B1}"
EndProject
Project("{9A19103F-16F7-4668-BE54-9A1E7A4F7556}") = "RecordToFile", "sample\RecordToFile\RecordToFile.csproj", "{1710C9BD-CF77-4D2A-A22D-C35598AA0086}"
EndProject
Project("{9A19103F-16F7-4668-BE54-9A1E7A4F7556}") = "Echo.IntegrationTests", "test\Echo.IntegrationTests\Echo.IntegrationTests.csproj", "{8E21E7EE-ABDA-4229-ACF2-DCD263763201}"
EndProject
Project("{9A19103F-16F7-4668-BE54-9A1E7A4F7556}") = "Echo.UnitTests", "test\Echo.UnitTests\Echo.UnitTests.csproj", "{01DB051C-28CC-4DE2-99C6-2E48E0E2F772}"
EndProject
Global
	GlobalSection(SolutionConfigurationPlatforms) = preSolution
		Debug|Any CPU = Debug|Any CPU
		Release|Any CPU = Release|Any CPU
	EndGlobalSection
	GlobalSection(ProjectConfigurationPlatforms) = postSolution
		{8E46FE3B-5954-41E1-8D02-FE910C00327D}.Debug|Any CPU.ActiveCfg = Debug|Any CPU
		{8E46FE3B-5954-41E1-8D02-FE910C00327D}.Debug|Any CPU.Build.0 = Debug|Any CPU
		{8E46FE3B-5954-41E1-8D02-FE910C00327D}.Release|Any CPU.ActiveCfg = Release|Any CPU
		{8E46FE3B-5954-41E1-8D02-FE910C00327D}.Release|Any CPU.Build.0 = Release|Any CPU
		{421BCB80-308C-4C82-BEB0-EB9FDD4B5519}.Debug|Any CPU.ActiveCfg = Debug|Any CPU
		{421BCB80-308C-4C82-BEB0-EB9FDD4B5519}.Debug|Any CPU.Build.0 = Debug|Any CPU
		{421BCB80-308C-4C82-BEB0-EB9FDD4B5519}.Release|Any CPU.ActiveCfg = Release|Any CPU
		{421BCB80-308C-4C82-BEB0-EB9FDD4B5519}.Release|Any CPU.Build.0 = Release|Any CPU
		{0ACF643D-3104-4ED3-9337-12CF2186E147}.Debug|Any CPU.ActiveCfg = Debug|Any CPU
		{0ACF643D-3104-4ED3-9337-12CF2186E147}.Debug|Any CPU.Build.0 = Debug|Any CPU
		{0ACF643D-3104-4ED3-9337-12CF2186E147}.Release|Any CPU.ActiveCfg = Release|Any CPU
		{0ACF643D-3104-4ED3-9337-12CF2186E147}.Release|Any CPU.Build.0 = Release|Any CPU
		{CFEE91F1-FB29-4433-943F-CF109C7B37B1}.Debug|Any CPU.ActiveCfg = Debug|Any CPU
		{CFEE91F1-FB29-4433-943F-CF109C7B37B1}.Debug|Any CPU.Build.0 = Debug|Any CPU
		{CFEE91F1-FB29-4433-943F-CF109C7B37B1}.Release|Any CPU.ActiveCfg = Release|Any CPU
		{CFEE91F1-FB29-4433-943F-CF109C7B37B1}.Release|Any CPU.Build.0 = Release|Any CPU
		{1710C9BD-CF77-4D2A-A22D-C35598AA0086}.Debug|Any CPU.ActiveCfg = Debug|Any CPU
		{1710C9BD-CF77-4D2A-A22D-C35598AA0086}.Debug|Any CPU.Build.0 = Debug|Any CPU
		{1710C9BD-CF77-4D2A-A22D-C35598AA0086}.Release|Any CPU.ActiveCfg = Release|Any CPU
		{1710C9BD-CF77-4D2A-A22D-C35598AA0086}.Release|Any CPU.Build.0 = Release|Any CPU
		{8E21E7EE-ABDA-4229-ACF2-DCD263763201}.Debug|Any CPU.ActiveCfg = Debug|Any CPU
		{8E21E7EE-ABDA-4229-ACF2-DCD263763201}.Debug|Any CPU.Build.0 = Debug|Any CPU
		{8E21E7EE-ABDA-4229-ACF2-DCD263763201}.Release|Any CPU.ActiveCfg = Release|Any CPU
		{8E21E7EE-ABDA-4229-ACF2-DCD263763201}.Release|Any CPU.Build.0 = Release|Any CPU
		{01DB051C-28CC-4DE2-99C6-2E48E0E2F772}.Debug|Any CPU.ActiveCfg = Debug|Any CPU
		{01DB051C-28CC-4DE2-99C6-2E48E0E2F772}.Debug|Any CPU.Build.0 = Debug|Any CPU
		{01DB051C-28CC-4DE2-99C6-2E48E0E2F772}.Release|Any CPU.ActiveCfg = Release|Any CPU
		{01DB051C-28CC-4DE2-99C6-2E48E0E2F772}.Release|Any CPU.Build.0 = Release|Any CPU
	EndGlobalSection
	GlobalSection(SolutionProperties) = preSolution
		HideSolutionNode = FALSE
	EndGlobalSection
	GlobalSection(NestedProjects) = preSolution
		{8E46FE3B-5954-41E1-8D02-FE910C00327D} = {E5541415-2342-4C84-8A5C-6BA820A9EC0A}
		{421BCB80-308C-4C82-BEB0-EB9FDD4B5519} = {4F80741E-2BF9-4EC7-B0BD-22503C96E1F1}
		{0ACF643D-3104-4ED3-9337-12CF2186E147} = {4F80741E-2BF9-4EC7-B0BD-22503C96E1F1}
		{CFEE91F1-FB29-4433-943F-CF109C7B37B1} = {4F80741E-2BF9-4EC7-B0BD-22503C96E1F1}
		{1710C9BD-CF77-4D2A-A22D-C35598AA0086} = {4F80741E-2BF9-4EC7-B0BD-22503C96E1F1}
		{8E21E7EE-ABDA-4229-ACF2-DCD263763201} = {E7BC54F2-811C-474F-BA55-A13623C079E2}
		{01DB051C-28CC-4DE2-99C6-2E48E0E2F772} = {E7BC54F2-811C-474F-BA55-A13623C079E2}
	EndGlobalSection
	GlobalSection(ExtensibilityGlobals) = postSolution
		SolutionGuid = {17230483-89F5-4E41-B8EF-7B0ED17E20BC}
	EndGlobalSection
EndGlobal
