
Microsoft Visual Studio Solution File, Format Version 12.00
# Visual Studio 15
VisualStudioVersion = 15.0.27004.2005
MinimumVisualStudioVersion = 10.0.40219.1
Project("{2150E333-8FDC-42A3-9474-1A3956D46DE8}") = "sample", "sample", "{4F80741E-2BF9-4EC7-B0BD-22503C96E1F1}"
EndProject
Project("{9A19103F-16F7-4668-BE54-9A1E7A4F7556}") = "Echo", "src\Echo\Echo.csproj", "{8E46FE3B-5954-41E1-8D02-FE910C00327D}"
EndProject
Project("{2150E333-8FDC-42A3-9474-1A3956D46DE8}") = "src", "src", "{E5541415-2342-4C84-8A5C-6BA820A9EC0A}"
EndProject
Project("{2150E333-8FDC-42A3-9474-1A3956D46DE8}") = "test", "test", "{E7BC54F2-811C-474F-BA55-A13623C079E2}"
EndProject
Project("{9A19103F-16F7-4668-BE54-9A1E7A4F7556}") = "RecordToFile", "sample\RecordToFile\RecordToFile.csproj", "{1710C9BD-CF77-4D2A-A22D-C35598AA0086}"
EndProject
Project("{9A19103F-16F7-4668-BE54-9A1E7A4F7556}") = "Echo.IntegrationTests", "test\Echo.IntegrationTests\Echo.IntegrationTests.csproj", "{8E21E7EE-ABDA-4229-ACF2-DCD263763201}"
EndProject
Project("{9A19103F-16F7-4668-BE54-9A1E7A4F7556}") = "Echo.UnitTests", "test\Echo.UnitTests\Echo.UnitTests.csproj", "{01DB051C-28CC-4DE2-99C6-2E48E0E2F772}"
EndProject
Project("{9A19103F-16F7-4668-BE54-9A1E7A4F7556}") = "AppVeyor", "test\AppVeyor\AppVeyor.csproj", "{E604BED5-B720-4669-BC9B-338239928167}"
EndProject
Project("{9A19103F-16F7-4668-BE54-9A1E7A4F7556}") = "RestrictionSample", "sample\RestrictionSample\RestrictionSample.csproj", "{AE3CBBCB-4A93-4F90-948D-AF270C209F95}"
EndProject
Global
	GlobalSection(SolutionConfigurationPlatforms) = preSolution
		Debug|Any CPU = Debug|Any CPU
		Release|Any CPU = Release|Any CPU
	EndGlobalSection
	GlobalSection(ProjectConfigurationPlatforms) = postSolution
		{8E46FE3B-5954-41E1-8D02-FE910C00327D}.Debug|Any CPU.ActiveCfg = Debug|Any CPU
		{8E46FE3B-5954-41E1-8D02-FE910C00327D}.Debug|Any CPU.Build.0 = Debug|Any CPU
		{8E46FE3B-5954-41E1-8D02-FE910C00327D}.Release|Any CPU.ActiveCfg = Release|Any CPU
		{8E46FE3B-5954-41E1-8D02-FE910C00327D}.Release|Any CPU.Build.0 = Release|Any CPU
		{1710C9BD-CF77-4D2A-A22D-C35598AA0086}.Debug|Any CPU.ActiveCfg = Debug|Any CPU
		{1710C9BD-CF77-4D2A-A22D-C35598AA0086}.Debug|Any CPU.Build.0 = Debug|Any CPU
		{1710C9BD-CF77-4D2A-A22D-C35598AA0086}.Release|Any CPU.ActiveCfg = Release|Any CPU
		{1710C9BD-CF77-4D2A-A22D-C35598AA0086}.Release|Any CPU.Build.0 = Release|Any CPU
		{8E21E7EE-ABDA-4229-ACF2-DCD263763201}.Debug|Any CPU.ActiveCfg = Debug|Any CPU
		{8E21E7EE-ABDA-4229-ACF2-DCD263763201}.Debug|Any CPU.Build.0 = Debug|Any CPU
		{8E21E7EE-ABDA-4229-ACF2-DCD263763201}.Release|Any CPU.ActiveCfg = Release|Any CPU
		{8E21E7EE-ABDA-4229-ACF2-DCD263763201}.Release|Any CPU.Build.0 = Release|Any CPU
		{01DB051C-28CC-4DE2-99C6-2E48E0E2F772}.Debug|Any CPU.ActiveCfg = Debug|Any CPU
		{01DB051C-28CC-4DE2-99C6-2E48E0E2F772}.Debug|Any CPU.Build.0 = Debug|Any CPU
		{01DB051C-28CC-4DE2-99C6-2E48E0E2F772}.Release|Any CPU.ActiveCfg = Release|Any CPU
		{01DB051C-28CC-4DE2-99C6-2E48E0E2F772}.Release|Any CPU.Build.0 = Release|Any CPU
		{E604BED5-B720-4669-BC9B-338239928167}.Debug|Any CPU.ActiveCfg = Debug|Any CPU
		{E604BED5-B720-4669-BC9B-338239928167}.Debug|Any CPU.Build.0 = Debug|Any CPU
		{E604BED5-B720-4669-BC9B-338239928167}.Release|Any CPU.ActiveCfg = Release|Any CPU
		{E604BED5-B720-4669-BC9B-338239928167}.Release|Any CPU.Build.0 = Release|Any CPU
		{AE3CBBCB-4A93-4F90-948D-AF270C209F95}.Debug|Any CPU.ActiveCfg = Debug|Any CPU
		{AE3CBBCB-4A93-4F90-948D-AF270C209F95}.Debug|Any CPU.Build.0 = Debug|Any CPU
		{AE3CBBCB-4A93-4F90-948D-AF270C209F95}.Release|Any CPU.ActiveCfg = Release|Any CPU
		{AE3CBBCB-4A93-4F90-948D-AF270C209F95}.Release|Any CPU.Build.0 = Release|Any CPU
	EndGlobalSection
	GlobalSection(SolutionProperties) = preSolution
		HideSolutionNode = FALSE
	EndGlobalSection
	GlobalSection(NestedProjects) = preSolution
		{8E46FE3B-5954-41E1-8D02-FE910C00327D} = {E5541415-2342-4C84-8A5C-6BA820A9EC0A}
		{1710C9BD-CF77-4D2A-A22D-C35598AA0086} = {4F80741E-2BF9-4EC7-B0BD-22503C96E1F1}
		{8E21E7EE-ABDA-4229-ACF2-DCD263763201} = {E7BC54F2-811C-474F-BA55-A13623C079E2}
		{01DB051C-28CC-4DE2-99C6-2E48E0E2F772} = {E7BC54F2-811C-474F-BA55-A13623C079E2}
		{E604BED5-B720-4669-BC9B-338239928167} = {E7BC54F2-811C-474F-BA55-A13623C079E2}
		{AE3CBBCB-4A93-4F90-948D-AF270C209F95} = {4F80741E-2BF9-4EC7-B0BD-22503C96E1F1}
	EndGlobalSection
	GlobalSection(ExtensibilityGlobals) = postSolution
		SolutionGuid = {17230483-89F5-4E41-B8EF-7B0ED17E20BC}
	EndGlobalSection
EndGlobal
