
Microsoft Visual Studio Solution File, Format Version 12.00
# Visual Studio 14
VisualStudioVersion = 14.0.25420.1
MinimumVisualStudioVersion = 10.0.40219.1
Project("{2150E333-8FDC-42A3-9474-1A3956D46DE8}") = "Samples", "Samples", "{4F80741E-2BF9-4EC7-B0BD-22503C96E1F1}"
EndProject
Project("{FAE04EC0-301F-11D3-BF4B-00C04F79EFBC}") = "InstantReplay", "samples\InstantReplay\InstantReplay.csproj", "{D287953A-1C3D-48A7-8D16-5F4719F04D06}"
EndProject
Project("{FAE04EC0-301F-11D3-BF4B-00C04F79EFBC}") = "RecordToFile", "samples\RecordToFile\RecordToFile.csproj", "{467EABB0-3AC5-43FE-81C0-6E20FF850CBB}"
EndProject
Project("{FAE04EC0-301F-11D3-BF4B-00C04F79EFBC}") = "Echo.UnitTests", "src\Echo.UnitTests\Echo.UnitTests.csproj", "{75AFC824-E8B5-463E-8157-0DA5600B2DAE}"
EndProject
Project("{FAE04EC0-301F-11D3-BF4B-00C04F79EFBC}") = "Echo", "src\Echo\Echo.csproj", "{8E46FE3B-5954-41E1-8D02-FE910C00327D}"
EndProject
Project("{FAE04EC0-301F-11D3-BF4B-00C04F79EFBC}") = "Echo.IntegrationTests", "src\Echo.IntegrationTests\Echo.IntegrationTests.csproj", "{F560BF10-BA75-430E-A59B-CDA343AFF9C5}"
EndProject
Global
	GlobalSection(SolutionConfigurationPlatforms) = preSolution
		Debug|Any CPU = Debug|Any CPU
		Release|Any CPU = Release|Any CPU
	EndGlobalSection
	GlobalSection(ProjectConfigurationPlatforms) = postSolution
		{D287953A-1C3D-48A7-8D16-5F4719F04D06}.Debug|Any CPU.ActiveCfg = Debug|Any CPU
		{D287953A-1C3D-48A7-8D16-5F4719F04D06}.Debug|Any CPU.Build.0 = Debug|Any CPU
		{D287953A-1C3D-48A7-8D16-5F4719F04D06}.Release|Any CPU.ActiveCfg = Release|Any CPU
		{D287953A-1C3D-48A7-8D16-5F4719F04D06}.Release|Any CPU.Build.0 = Release|Any CPU
		{467EABB0-3AC5-43FE-81C0-6E20FF850CBB}.Debug|Any CPU.ActiveCfg = Debug|Any CPU
		{467EABB0-3AC5-43FE-81C0-6E20FF850CBB}.Debug|Any CPU.Build.0 = Debug|Any CPU
		{467EABB0-3AC5-43FE-81C0-6E20FF850CBB}.Release|Any CPU.ActiveCfg = Release|Any CPU
		{467EABB0-3AC5-43FE-81C0-6E20FF850CBB}.Release|Any CPU.Build.0 = Release|Any CPU
		{75AFC824-E8B5-463E-8157-0DA5600B2DAE}.Debug|Any CPU.ActiveCfg = Debug|Any CPU
		{75AFC824-E8B5-463E-8157-0DA5600B2DAE}.Debug|Any CPU.Build.0 = Debug|Any CPU
		{75AFC824-E8B5-463E-8157-0DA5600B2DAE}.Release|Any CPU.ActiveCfg = Release|Any CPU
		{75AFC824-E8B5-463E-8157-0DA5600B2DAE}.Release|Any CPU.Build.0 = Release|Any CPU
		{8E46FE3B-5954-41E1-8D02-FE910C00327D}.Debug|Any CPU.ActiveCfg = Debug|Any CPU
		{8E46FE3B-5954-41E1-8D02-FE910C00327D}.Debug|Any CPU.Build.0 = Debug|Any CPU
		{8E46FE3B-5954-41E1-8D02-FE910C00327D}.Release|Any CPU.ActiveCfg = Release|Any CPU
		{8E46FE3B-5954-41E1-8D02-FE910C00327D}.Release|Any CPU.Build.0 = Release|Any CPU
		{F560BF10-BA75-430E-A59B-CDA343AFF9C5}.Debug|Any CPU.ActiveCfg = Debug|Any CPU
		{F560BF10-BA75-430E-A59B-CDA343AFF9C5}.Debug|Any CPU.Build.0 = Debug|Any CPU
		{F560BF10-BA75-430E-A59B-CDA343AFF9C5}.Release|Any CPU.ActiveCfg = Release|Any CPU
		{F560BF10-BA75-430E-A59B-CDA343AFF9C5}.Release|Any CPU.Build.0 = Release|Any CPU
	EndGlobalSection
	GlobalSection(SolutionProperties) = preSolution
		HideSolutionNode = FALSE
	EndGlobalSection
	GlobalSection(NestedProjects) = preSolution
		{D287953A-1C3D-48A7-8D16-5F4719F04D06} = {4F80741E-2BF9-4EC7-B0BD-22503C96E1F1}
		{467EABB0-3AC5-43FE-81C0-6E20FF850CBB} = {4F80741E-2BF9-4EC7-B0BD-22503C96E1F1}
	EndGlobalSection
EndGlobal
